<?xml version="1.0" encoding="utf-8"?>
<Project ToolsVersion="4.0" xmlns="http://schemas.microsoft.com/developer/msbuild/2003">
  <ItemGroup>
    <Filter Include="Source Files">
      <UniqueIdentifier>{4FC737F1-C7A5-4376-A066-2A32D752A2FF}</UniqueIdentifier>
      <Extensions>cpp;c;cc;cxx;c++;cppm;ixx;def;odl;idl;hpj;bat;asm;asmx</Extensions>
    </Filter>
    <Filter Include="Header Files">
      <UniqueIdentifier>{93995380-89BD-4b04-88EB-625FBE52EBFB}</UniqueIdentifier>
      <Extensions>h;hh;hpp;hxx;h++;hm;inl;inc;ipp;xsd</Extensions>
    </Filter>
    <Filter Include="Resource Files">
      <UniqueIdentifier>{67DA6AB6-F800-4c08-8B7A-83BB121AAD01}</UniqueIdentifier>
      <Extensions>rc;ico;cur;bmp;dlg;rc2;rct;bin;rgs;gif;jpg;jpeg;jpe;resx;tiff;tif;png;wav;mfcribbon-ms</Extensions>
    </Filter>
    <Filter Include="Header Files\Attributes">
      <UniqueIdentifier>{393a28e8-25da-4fd6-b604-3236aff16c82}</UniqueIdentifier>
    </Filter>
    <Filter Include="Header Files\GlObjects">
      <UniqueIdentifier>{3d519868-3479-4ee5-a860-48f27fe52169}</UniqueIdentifier>
    </Filter>
    <Filter Include="Source Files\Shaders">
      <UniqueIdentifier>{7888855a-c00c-4229-9252-48b9769c2fbc}</UniqueIdentifier>
    </Filter>
    <Filter Include="Header Files\Objects">
      <UniqueIdentifier>{036c8c55-8f37-44be-8e4c-2fcce476b781}</UniqueIdentifier>
    </Filter>
    <Filter Include="Header Files\lights">
      <UniqueIdentifier>{91e67788-8904-470b-8c48-2e6c9c57a2f6}</UniqueIdentifier>
    </Filter>
    <Filter Include="Header Files\Particles">
      <UniqueIdentifier>{c14b5cc2-4b13-41bc-b80d-d25edfd13196}</UniqueIdentifier>
    </Filter>
    <Filter Include="Header Files\Particles\Emitters">
      <UniqueIdentifier>{1046c239-2755-4f6e-a659-d1b640494a46}</UniqueIdentifier>
    </Filter>
    <Filter Include="Header Files\Particles\Forces">
      <UniqueIdentifier>{61937b25-a126-44b5-9086-cbce4413d4a8}</UniqueIdentifier>
    </Filter>
    <Filter Include="Header Files\UI">
      <UniqueIdentifier>{49f8cf41-5e57-49ff-83e3-cd50e8aa7dbb}</UniqueIdentifier>
    </Filter>
  </ItemGroup>
  <ItemGroup>
    <ClCompile Include="3DOpenGlEngine.cpp">
      <Filter>Source Files</Filter>
    </ClCompile>
    <ClCompile Include="_3DEngine.cpp">
      <Filter>Source Files</Filter>
    </ClCompile>
    <ClCompile Include="Attribute.cpp">
      <Filter>Source Files</Filter>
    </ClCompile>
    <ClCompile Include="Float.cpp">
      <Filter>Source Files</Filter>
    </ClCompile>
    <ClCompile Include="Vector2f.cpp">
      <Filter>Source Files</Filter>
    </ClCompile>
    <ClCompile Include="Vector3f.cpp">
      <Filter>Source Files</Filter>
    </ClCompile>
    <ClCompile Include="Vector4f.cpp">
      <Filter>Source Files</Filter>
    </ClCompile>
    <ClCompile Include="dependencies\glad\src\glad.c">
      <Filter>Source Files</Filter>
    </ClCompile>
    <ClCompile Include="VBO.cpp">
      <Filter>Source Files</Filter>
    </ClCompile>
    <ClCompile Include="VAO.cpp">
      <Filter>Source Files</Filter>
    </ClCompile>
    <ClCompile Include="EBO.cpp">
      <Filter>Source Files</Filter>
    </ClCompile>
    <ClCompile Include="Object.cpp">
      <Filter>Source Files</Filter>
    </ClCompile>
    <ClCompile Include="Transformable.cpp">
      <Filter>Source Files</Filter>
    </ClCompile>
    <ClCompile Include="Renderable.cpp">
      <Filter>Source Files</Filter>
    </ClCompile>
    <ClCompile Include="Polygonal.cpp">
      <Filter>Source Files</Filter>
    </ClCompile>
    <ClCompile Include="Face.cpp">
      <Filter>Source Files</Filter>
    </ClCompile>
    <ClCompile Include="Point.cpp">
      <Filter>Source Files</Filter>
    </ClCompile>
    <ClCompile Include="Vertex.cpp">
      <Filter>Source Files</Filter>
    </ClCompile>
    <ClCompile Include="Cube.cpp">
      <Filter>Source Files</Filter>
    </ClCompile>
    <ClCompile Include="Camera.cpp">
      <Filter>Source Files</Filter>
    </ClCompile>
    <ClCompile Include="Mouse.cpp">
      <Filter>Source Files</Filter>
    </ClCompile>
    <ClCompile Include="Math.cpp">
      <Filter>Source Files</Filter>
    </ClCompile>
    <ClCompile Include="PolyGrid.cpp">
      <Filter>Source Files</Filter>
    </ClCompile>
    <ClCompile Include="Material.cpp">
      <Filter>Source Files</Filter>
    </ClCompile>
    <ClCompile Include="Texture.cpp">
      <Filter>Source Files</Filter>
    </ClCompile>
    <ClCompile Include="Light.cpp">
      <Filter>Source Files</Filter>
    </ClCompile>
    <ClCompile Include="PhongMat.cpp">
      <Filter>Source Files</Filter>
    </ClCompile>
    <ClCompile Include="PointLight.cpp">
      <Filter>Source Files</Filter>
    </ClCompile>
    <ClCompile Include="ShaderLib.cpp">
      <Filter>Source Files</Filter>
    </ClCompile>
    <ClCompile Include="ShaderProgram.cpp">
      <Filter>Source Files</Filter>
    </ClCompile>
    <ClCompile Include="GlObject.cpp">
      <Filter>Source Files</Filter>
    </ClCompile>
    <ClCompile Include="PointGroup.cpp">
      <Filter>Source Files</Filter>
    </ClCompile>
    <ClCompile Include="Emitter.cpp">
      <Filter>Source Files</Filter>
    </ClCompile>
    <ClCompile Include="Updatable.cpp">
      <Filter>Source Files</Filter>
    </ClCompile>
    <ClCompile Include="ParticleSystem.cpp">
      <Filter>Source Files</Filter>
    </ClCompile>
    <ClCompile Include="BoxEmitter.cpp">
      <Filter>Source Files</Filter>
    </ClCompile>
    <ClCompile Include="Force.cpp">
      <Filter>Source Files</Filter>
    </ClCompile>
    <ClCompile Include="Gravity.cpp">
      <Filter>Source Files</Filter>
    </ClCompile>
    <ClCompile Include="ParticleSolver.cpp">
      <Filter>Source Files</Filter>
    </ClCompile>
    <ClCompile Include="Noise.cpp">
      <Filter>Source Files</Filter>
    </ClCompile>
    <ClCompile Include="Turbulance.cpp">
      <Filter>Source Files</Filter>
    </ClCompile>
    <ClCompile Include="UiPlane.cpp">
      <Filter>Source Files</Filter>
    </ClCompile>
    <ClCompile Include="TextureLib.cpp">
      <Filter>Source Files</Filter>
    </ClCompile>
    <ClCompile Include="FontTexture.cpp">
      <Filter>Source Files</Filter>
    </ClCompile>
    <ClCompile Include="UiText.cpp">
      <Filter>Source Files</Filter>
    </ClCompile>
    <ClCompile Include="UiSystem.cpp">
      <Filter>Source Files</Filter>
    </ClCompile>
    <ClCompile Include="Keyboard.cpp">
      <Filter>Source Files</Filter>
    </ClCompile>
    <ClCompile Include="Key.cpp">
      <Filter>Source Files</Filter>
    </ClCompile>
    <ClCompile Include="ParameterGroup.cpp">
      <Filter>Source Files</Filter>
    </ClCompile>
    <ClCompile Include="UiParameter.cpp">
      <Filter>Source Files</Filter>
    </ClCompile>
    <ClCompile Include="Parametrized.cpp">
      <Filter>Source Files</Filter>
    </ClCompile>
    <ClCompile Include="Simulatable.cpp">
      <Filter>Source Files</Filter>
    </ClCompile>
    <ClCompile Include="Vortex.cpp">
      <Filter>Source Files</Filter>
    </ClCompile>
    <ClCompile Include="PointGroupInstanced.cpp">
      <Filter>Source Files</Filter>
    </ClCompile>
  </ItemGroup>
  <ItemGroup>
    <ClInclude Include="_3DEngine.h">
      <Filter>Header Files</Filter>
    </ClInclude>
    <ClInclude Include="Attribute.h">
      <Filter>Header Files\Attributes</Filter>
    </ClInclude>
    <ClInclude Include="Float.h">
      <Filter>Header Files\Attributes</Filter>
    </ClInclude>
    <ClInclude Include="Vector2f.h">
      <Filter>Header Files\Attributes</Filter>
    </ClInclude>
    <ClInclude Include="Vector3f.h">
      <Filter>Header Files\Attributes</Filter>
    </ClInclude>
    <ClInclude Include="Vector4f.h">
      <Filter>Header Files\Attributes</Filter>
    </ClInclude>
    <ClInclude Include="ShaderProgram.h">
      <Filter>Header Files</Filter>
    </ClInclude>
    <ClInclude Include="VAO.h">
      <Filter>Header Files\GlObjects</Filter>
    </ClInclude>
    <ClInclude Include="VBO.h">
      <Filter>Header Files\GlObjects</Filter>
    </ClInclude>
    <ClInclude Include="EBO.h">
      <Filter>Header Files\GlObjects</Filter>
    </ClInclude>
    <ClInclude Include="Face.h">
      <Filter>Header Files\Objects</Filter>
    </ClInclude>
    <ClInclude Include="Object.h">
      <Filter>Header Files\Objects</Filter>
    </ClInclude>
    <ClInclude Include="Point.h">
      <Filter>Header Files\Objects</Filter>
    </ClInclude>
    <ClInclude Include="Polygonal.h">
      <Filter>Header Files\Objects</Filter>
    </ClInclude>
    <ClInclude Include="Renderable.h">
      <Filter>Header Files\Objects</Filter>
    </ClInclude>
    <ClInclude Include="Transformable.h">
      <Filter>Header Files\Objects</Filter>
    </ClInclude>
    <ClInclude Include="Vertex.h">
      <Filter>Header Files\Objects</Filter>
    </ClInclude>
    <ClInclude Include="Cube.h">
      <Filter>Header Files</Filter>
    </ClInclude>
    <ClInclude Include="Camera.h">
      <Filter>Header Files</Filter>
    </ClInclude>
    <ClInclude Include="Mouse.h">
      <Filter>Header Files</Filter>
    </ClInclude>
    <ClInclude Include="Math.h">
      <Filter>Header Files</Filter>
    </ClInclude>
    <ClInclude Include="PolyGrid.h">
      <Filter>Header Files</Filter>
    </ClInclude>
    <ClInclude Include="dependencies\stb\stb_image.h">
      <Filter>Header Files</Filter>
    </ClInclude>
    <ClInclude Include="Material.h">
      <Filter>Header Files</Filter>
    </ClInclude>
    <ClInclude Include="Texture.h">
      <Filter>Header Files</Filter>
    </ClInclude>
    <ClInclude Include="Light.h">
      <Filter>Header Files</Filter>
    </ClInclude>
    <ClInclude Include="PhongMat.h">
      <Filter>Header Files</Filter>
    </ClInclude>
    <ClInclude Include="PointLight.h">
      <Filter>Header Files</Filter>
    </ClInclude>
    <ClInclude Include="ShaderLib.h">
      <Filter>Header Files</Filter>
    </ClInclude>
    <ClInclude Include="Updatable.h">
      <Filter>Header Files</Filter>
    </ClInclude>
    <ClInclude Include="GlObject.h">
      <Filter>Header Files\Objects</Filter>
    </ClInclude>
    <ClInclude Include="ParticleSystem.h">
      <Filter>Header Files\Particles</Filter>
    </ClInclude>
    <ClInclude Include="PointGroup.h">
      <Filter>Header Files\Objects</Filter>
    </ClInclude>
    <ClInclude Include="Emitter.h">
      <Filter>Header Files\Particles\Emitters</Filter>
    </ClInclude>
    <ClInclude Include="BoxEmitter.h">
      <Filter>Header Files\Particles\Emitters</Filter>
    </ClInclude>
    <ClInclude Include="ParticleSolver.h">
      <Filter>Header Files\Particles</Filter>
    </ClInclude>
    <ClInclude Include="Noise.h">
      <Filter>Header Files</Filter>
    </ClInclude>
    <ClInclude Include="Force.h">
      <Filter>Header Files\Particles\Forces</Filter>
    </ClInclude>
    <ClInclude Include="Gravity.h">
      <Filter>Header Files\Particles\Forces</Filter>
    </ClInclude>
    <ClInclude Include="Turbulance.h">
      <Filter>Header Files\Particles\Forces</Filter>
    </ClInclude>
    <ClInclude Include="UiPlane.h">
      <Filter>Header Files\UI</Filter>
    </ClInclude>
    <ClInclude Include="TextureLib.h">
      <Filter>Header Files</Filter>
    </ClInclude>
    <ClInclude Include="FontTexture.h">
      <Filter>Header Files</Filter>
    </ClInclude>
    <ClInclude Include="UiText.h">
      <Filter>Header Files\UI</Filter>
    </ClInclude>
    <ClInclude Include="UiSystem.h">
      <Filter>Header Files\UI</Filter>
    </ClInclude>
    <ClInclude Include="Key.h">
      <Filter>Header Files</Filter>
    </ClInclude>
    <ClInclude Include="Keyboard.h">
      <Filter>Header Files</Filter>
    </ClInclude>
    <ClInclude Include="UiParameterGroup.h">
      <Filter>Header Files\UI</Filter>
    </ClInclude>
    <ClInclude Include="UiParameter.h">
      <Filter>Header Files\UI</Filter>
    </ClInclude>
    <ClInclude Include="Parametrized.h">
      <Filter>Header Files</Filter>
    </ClInclude>
    <ClInclude Include="Simulatable.h">
      <Filter>Header Files</Filter>
    </ClInclude>
    <ClInclude Include="Vortex.h">
      <Filter>Header Files\Particles\Forces</Filter>
    </ClInclude>
    <ClInclude Include="PointGroupInstanced.h">
      <Filter>Header Files</Filter>
    </ClInclude>
  </ItemGroup>
  <ItemGroup>
    <None Include="ClassDiagram.cd" />
    <None Include="phongFragmentShader.frag" />
    <None Include="simpleFragmentShader.frag" />
    <None Include="3DOpenGlEngine.vcxproj.user" />
  </ItemGroup>
</Project>